{
    "_readme": [
        "This file locks the dependencies of your project to a known state",
        "Read more about it at https://getcomposer.org/doc/01-basic-usage.md#installing-dependencies",
        "This file is @generated automatically"
    ],
    "content-hash": "8cd8a9b0f25a3093600b7766e6c3807d",
    "packages": [
        {
            "name": "mpay24/mpay24-php",
            "version": "v5.1.0",
            "source": {
                "type": "git",
                "url": "https://github.com/mpay24/mpay24-php.git",
                "reference": "5fc1b6d8bf161be7e4abed4ced7346a993bc691c"
            },
            "dist": {
                "type": "zip",
                "url": "https://api.github.com/repos/mpay24/mpay24-php/zipball/5fc1b6d8bf161be7e4abed4ced7346a993bc691c",
                "reference": "5fc1b6d8bf161be7e4abed4ced7346a993bc691c",
                "shasum": ""
            },
            "require": {
                "ext-curl": "*",
                "ext-dom": "*",
                "php": ">=7.2"
            },
            "require-dev": {
                "phpstan/phpstan": "^0.12.9",
                "phpunit/phpunit": "^9.5"
            },
            "type": "library",
            "autoload": {
                "psr-4": {
                    "Mpay24\\": "src/"
                }
            },
            "notification-url": "https://packagist.org/downloads/",
            "license": [
                "MIT"
            ],
            "description": "Offical PHP SDK for SOAP Bindings",
            "support": {
                "issues": "https://github.com/mpay24/mpay24-php/issues",
                "source": "https://github.com/mpay24/mpay24-php/tree/v5.1.0"
            },
            "time": "2022-08-30T14:27:00+00:00"
        }
    ],
    "packages-dev": [],
    "aliases": [],
    "minimum-stability": "dev",
    "stability-flags": [],
    "prefer-stable": true,
    "prefer-lowest": false,
    "platform": {
        "php": ">=7.4"
    },
    "platform-dev": [],
    "plugin-api-version": "2.6.0"
}
